
Microsoft Visual Studio Solution File, Format Version 12.00
# Visual Studio Version 16
VisualStudioVersion = 16.0.30204.135
MinimumVisualStudioVersion = 10.0.40219.1
Project("{9A19103F-16F7-4668-BE54-9A1E7A4F7556}") = "FriendsApi", "FriendsApi\FriendsApi.csproj", "{29CF014F-EFC0-471A-A0F6-F6436655E8CE}"
EndProject
Project("{FAE04EC0-301F-11D3-BF4B-00C04F79EFBC}") = "CountryStateApi", "CountryStateApi\CountryStateApi.csproj", "{3BBC0286-2EFF-4C4A-A647-E12D577F35F4}"
EndProject
Global
	GlobalSection(SolutionConfigurationPlatforms) = preSolution
		Debug|Any CPU = Debug|Any CPU
		Release|Any CPU = Release|Any CPU
	EndGlobalSection
	GlobalSection(ProjectConfigurationPlatforms) = postSolution
		{29CF014F-EFC0-471A-A0F6-F6436655E8CE}.Debug|Any CPU.ActiveCfg = Debug|Any CPU
		{29CF014F-EFC0-471A-A0F6-F6436655E8CE}.Debug|Any CPU.Build.0 = Debug|Any CPU
		{29CF014F-EFC0-471A-A0F6-F6436655E8CE}.Release|Any CPU.ActiveCfg = Release|Any CPU
		{29CF014F-EFC0-471A-A0F6-F6436655E8CE}.Release|Any CPU.Build.0 = Release|Any CPU
		{3BBC0286-2EFF-4C4A-A647-E12D577F35F4}.Debug|Any CPU.ActiveCfg = Debug|Any CPU
		{3BBC0286-2EFF-4C4A-A647-E12D577F35F4}.Debug|Any CPU.Build.0 = Debug|Any CPU
		{3BBC0286-2EFF-4C4A-A647-E12D577F35F4}.Release|Any CPU.ActiveCfg = Release|Any CPU
		{3BBC0286-2EFF-4C4A-A647-E12D577F35F4}.Release|Any CPU.Build.0 = Release|Any CPU
	EndGlobalSection
	GlobalSection(SolutionProperties) = preSolution
		HideSolutionNode = FALSE
	EndGlobalSection
	GlobalSection(ExtensibilityGlobals) = postSolution
		SolutionGuid = {D36507AA-F1BE-4039-B7C8-B9EB6D65A59B}
	EndGlobalSection
EndGlobal
